
Microsoft Visual Studio Solution File, Format Version 12.00
# Visual Studio Version 16
VisualStudioVersion = 16.0.30114.105
MinimumVisualStudioVersion = 10.0.40219.1
Project("{9A19103F-16F7-4668-BE54-9A1E7A4F7556}") = "Blog.Domain", "Blog.Domain\Blog.Domain.csproj", "{73556F7E-7570-4B22-84B3-0A326154F8EF}"
EndProject
Project("{9A19103F-16F7-4668-BE54-9A1E7A4F7556}") = "Blog.Application", "Blog.Application\Blog.Application.csproj", "{578D9922-69D2-4EDA-9011-E62D6266A65D}"
EndProject
Project("{9A19103F-16F7-4668-BE54-9A1E7A4F7556}") = "Blog.UnitTests", "Blog.UnitTests\Blog.UnitTests.csproj", "{22767721-1C97-499B-9ECF-C867AD907CF7}"
EndProject
Project("{9A19103F-16F7-4668-BE54-9A1E7A4F7556}") = "Blog.Server.Api", "Blog.Server.Api\Blog.Server.Api.csproj", "{BAA491B0-3FEF-46A7-BF0B-4886E9E29AE5}"
EndProject
Project("{9A19103F-16F7-4668-BE54-9A1E7A4F7556}") = "Blog.Infrastructure", "Blog.Infrastructure\Blog.Infrastructure.csproj", "{858C08C5-E617-4C4A-A5DC-EC304A8CB36C}"
EndProject
Project("{E53339B2-1760-4266-BCC7-CA923CBCF16C}") = "docker-compose", "docker-compose.dcproj", "{C26C0407-8004-4130-B957-DA2E0AF11DDD}"
EndProject
Project("{2150E333-8FDC-42A3-9474-1A3956D46DE8}") = "src", "src", "{F4738E3A-7DEB-4B76-8FEA-40862974BC8A}"
EndProject
Project("{2150E333-8FDC-42A3-9474-1A3956D46DE8}") = "tests", "tests", "{E52FB600-A9DF-4718-B51D-3C9291F6F0FF}"
EndProject
Project("{FAE04EC0-301F-11D3-BF4B-00C04F79EFBC}") = "Blog.IntegrationTests", "Blog.IntegrationTests\Blog.IntegrationTests.csproj", "{35FB98AE-CC81-4ECD-AE71-763A811D60DC}"
EndProject
Global
	GlobalSection(SolutionConfigurationPlatforms) = preSolution
		Debug|Any CPU = Debug|Any CPU
		Debug|x64 = Debug|x64
		Debug|x86 = Debug|x86
		Release|Any CPU = Release|Any CPU
		Release|x64 = Release|x64
		Release|x86 = Release|x86
	EndGlobalSection
	GlobalSection(ProjectConfigurationPlatforms) = postSolution
		{73556F7E-7570-4B22-84B3-0A326154F8EF}.Debug|Any CPU.ActiveCfg = Debug|Any CPU
		{73556F7E-7570-4B22-84B3-0A326154F8EF}.Debug|Any CPU.Build.0 = Debug|Any CPU
		{73556F7E-7570-4B22-84B3-0A326154F8EF}.Debug|x64.ActiveCfg = Debug|Any CPU
		{73556F7E-7570-4B22-84B3-0A326154F8EF}.Debug|x64.Build.0 = Debug|Any CPU
		{73556F7E-7570-4B22-84B3-0A326154F8EF}.Debug|x86.ActiveCfg = Debug|Any CPU
		{73556F7E-7570-4B22-84B3-0A326154F8EF}.Debug|x86.Build.0 = Debug|Any CPU
		{73556F7E-7570-4B22-84B3-0A326154F8EF}.Release|Any CPU.ActiveCfg = Release|Any CPU
		{73556F7E-7570-4B22-84B3-0A326154F8EF}.Release|Any CPU.Build.0 = Release|Any CPU
		{73556F7E-7570-4B22-84B3-0A326154F8EF}.Release|x64.ActiveCfg = Release|Any CPU
		{73556F7E-7570-4B22-84B3-0A326154F8EF}.Release|x64.Build.0 = Release|Any CPU
		{73556F7E-7570-4B22-84B3-0A326154F8EF}.Release|x86.ActiveCfg = Release|Any CPU
		{73556F7E-7570-4B22-84B3-0A326154F8EF}.Release|x86.Build.0 = Release|Any CPU
		{578D9922-69D2-4EDA-9011-E62D6266A65D}.Debug|Any CPU.ActiveCfg = Debug|Any CPU
		{578D9922-69D2-4EDA-9011-E62D6266A65D}.Debug|Any CPU.Build.0 = Debug|Any CPU
		{578D9922-69D2-4EDA-9011-E62D6266A65D}.Debug|x64.ActiveCfg = Debug|Any CPU
		{578D9922-69D2-4EDA-9011-E62D6266A65D}.Debug|x64.Build.0 = Debug|Any CPU
		{578D9922-69D2-4EDA-9011-E62D6266A65D}.Debug|x86.ActiveCfg = Debug|Any CPU
		{578D9922-69D2-4EDA-9011-E62D6266A65D}.Debug|x86.Build.0 = Debug|Any CPU
		{578D9922-69D2-4EDA-9011-E62D6266A65D}.Release|Any CPU.ActiveCfg = Release|Any CPU
		{578D9922-69D2-4EDA-9011-E62D6266A65D}.Release|Any CPU.Build.0 = Release|Any CPU
		{578D9922-69D2-4EDA-9011-E62D6266A65D}.Release|x64.ActiveCfg = Release|Any CPU
		{578D9922-69D2-4EDA-9011-E62D6266A65D}.Release|x64.Build.0 = Release|Any CPU
		{578D9922-69D2-4EDA-9011-E62D6266A65D}.Release|x86.ActiveCfg = Release|Any CPU
		{578D9922-69D2-4EDA-9011-E62D6266A65D}.Release|x86.Build.0 = Release|Any CPU
		{22767721-1C97-499B-9ECF-C867AD907CF7}.Debug|Any CPU.ActiveCfg = Debug|Any CPU
		{22767721-1C97-499B-9ECF-C867AD907CF7}.Debug|Any CPU.Build.0 = Debug|Any CPU
		{22767721-1C97-499B-9ECF-C867AD907CF7}.Debug|x64.ActiveCfg = Debug|Any CPU
		{22767721-1C97-499B-9ECF-C867AD907CF7}.Debug|x64.Build.0 = Debug|Any CPU
		{22767721-1C97-499B-9ECF-C867AD907CF7}.Debug|x86.ActiveCfg = Debug|Any CPU
		{22767721-1C97-499B-9ECF-C867AD907CF7}.Debug|x86.Build.0 = Debug|Any CPU
		{22767721-1C97-499B-9ECF-C867AD907CF7}.Release|Any CPU.ActiveCfg = Release|Any CPU
		{22767721-1C97-499B-9ECF-C867AD907CF7}.Release|Any CPU.Build.0 = Release|Any CPU
		{22767721-1C97-499B-9ECF-C867AD907CF7}.Release|x64.ActiveCfg = Release|Any CPU
		{22767721-1C97-499B-9ECF-C867AD907CF7}.Release|x64.Build.0 = Release|Any CPU
		{22767721-1C97-499B-9ECF-C867AD907CF7}.Release|x86.ActiveCfg = Release|Any CPU
		{22767721-1C97-499B-9ECF-C867AD907CF7}.Release|x86.Build.0 = Release|Any CPU
		{BAA491B0-3FEF-46A7-BF0B-4886E9E29AE5}.Debug|Any CPU.ActiveCfg = Debug|Any CPU
		{BAA491B0-3FEF-46A7-BF0B-4886E9E29AE5}.Debug|Any CPU.Build.0 = Debug|Any CPU
		{BAA491B0-3FEF-46A7-BF0B-4886E9E29AE5}.Debug|x64.ActiveCfg = Debug|Any CPU
		{BAA491B0-3FEF-46A7-BF0B-4886E9E29AE5}.Debug|x64.Build.0 = Debug|Any CPU
		{BAA491B0-3FEF-46A7-BF0B-4886E9E29AE5}.Debug|x86.ActiveCfg = Debug|Any CPU
		{BAA491B0-3FEF-46A7-BF0B-4886E9E29AE5}.Debug|x86.Build.0 = Debug|Any CPU
		{BAA491B0-3FEF-46A7-BF0B-4886E9E29AE5}.Release|Any CPU.ActiveCfg = Release|Any CPU
		{BAA491B0-3FEF-46A7-BF0B-4886E9E29AE5}.Release|Any CPU.Build.0 = Release|Any CPU
		{BAA491B0-3FEF-46A7-BF0B-4886E9E29AE5}.Release|x64.ActiveCfg = Release|Any CPU
		{BAA491B0-3FEF-46A7-BF0B-4886E9E29AE5}.Release|x64.Build.0 = Release|Any CPU
		{BAA491B0-3FEF-46A7-BF0B-4886E9E29AE5}.Release|x86.ActiveCfg = Release|Any CPU
		{BAA491B0-3FEF-46A7-BF0B-4886E9E29AE5}.Release|x86.Build.0 = Release|Any CPU
		{858C08C5-E617-4C4A-A5DC-EC304A8CB36C}.Debug|Any CPU.ActiveCfg = Debug|Any CPU
		{858C08C5-E617-4C4A-A5DC-EC304A8CB36C}.Debug|Any CPU.Build.0 = Debug|Any CPU
		{858C08C5-E617-4C4A-A5DC-EC304A8CB36C}.Debug|x64.ActiveCfg = Debug|Any CPU
		{858C08C5-E617-4C4A-A5DC-EC304A8CB36C}.Debug|x64.Build.0 = Debug|Any CPU
		{858C08C5-E617-4C4A-A5DC-EC304A8CB36C}.Debug|x86.ActiveCfg = Debug|Any CPU
		{858C08C5-E617-4C4A-A5DC-EC304A8CB36C}.Debug|x86.Build.0 = Debug|Any CPU
		{858C08C5-E617-4C4A-A5DC-EC304A8CB36C}.Release|Any CPU.ActiveCfg = Release|Any CPU
		{858C08C5-E617-4C4A-A5DC-EC304A8CB36C}.Release|Any CPU.Build.0 = Release|Any CPU
		{858C08C5-E617-4C4A-A5DC-EC304A8CB36C}.Release|x64.ActiveCfg = Release|Any CPU
		{858C08C5-E617-4C4A-A5DC-EC304A8CB36C}.Release|x64.Build.0 = Release|Any CPU
		{858C08C5-E617-4C4A-A5DC-EC304A8CB36C}.Release|x86.ActiveCfg = Release|Any CPU
		{858C08C5-E617-4C4A-A5DC-EC304A8CB36C}.Release|x86.Build.0 = Release|Any CPU
		{C26C0407-8004-4130-B957-DA2E0AF11DDD}.Debug|Any CPU.ActiveCfg = Debug|Any CPU
		{C26C0407-8004-4130-B957-DA2E0AF11DDD}.Debug|Any CPU.Build.0 = Debug|Any CPU
		{C26C0407-8004-4130-B957-DA2E0AF11DDD}.Debug|x64.ActiveCfg = Debug|Any CPU
		{C26C0407-8004-4130-B957-DA2E0AF11DDD}.Debug|x64.Build.0 = Debug|Any CPU
		{C26C0407-8004-4130-B957-DA2E0AF11DDD}.Debug|x86.ActiveCfg = Debug|Any CPU
		{C26C0407-8004-4130-B957-DA2E0AF11DDD}.Debug|x86.Build.0 = Debug|Any CPU
		{C26C0407-8004-4130-B957-DA2E0AF11DDD}.Release|Any CPU.ActiveCfg = Release|Any CPU
		{C26C0407-8004-4130-B957-DA2E0AF11DDD}.Release|Any CPU.Build.0 = Release|Any CPU
		{C26C0407-8004-4130-B957-DA2E0AF11DDD}.Release|x64.ActiveCfg = Release|Any CPU
		{C26C0407-8004-4130-B957-DA2E0AF11DDD}.Release|x64.Build.0 = Release|Any CPU
		{C26C0407-8004-4130-B957-DA2E0AF11DDD}.Release|x86.ActiveCfg = Release|Any CPU
		{C26C0407-8004-4130-B957-DA2E0AF11DDD}.Release|x86.Build.0 = Release|Any CPU
		{35FB98AE-CC81-4ECD-AE71-763A811D60DC}.Debug|Any CPU.ActiveCfg = Debug|Any CPU
		{35FB98AE-CC81-4ECD-AE71-763A811D60DC}.Debug|Any CPU.Build.0 = Debug|Any CPU
		{35FB98AE-CC81-4ECD-AE71-763A811D60DC}.Debug|x64.ActiveCfg = Debug|Any CPU
		{35FB98AE-CC81-4ECD-AE71-763A811D60DC}.Debug|x64.Build.0 = Debug|Any CPU
		{35FB98AE-CC81-4ECD-AE71-763A811D60DC}.Debug|x86.ActiveCfg = Debug|Any CPU
		{35FB98AE-CC81-4ECD-AE71-763A811D60DC}.Debug|x86.Build.0 = Debug|Any CPU
		{35FB98AE-CC81-4ECD-AE71-763A811D60DC}.Release|Any CPU.ActiveCfg = Release|Any CPU
		{35FB98AE-CC81-4ECD-AE71-763A811D60DC}.Release|Any CPU.Build.0 = Release|Any CPU
		{35FB98AE-CC81-4ECD-AE71-763A811D60DC}.Release|x64.ActiveCfg = Release|Any CPU
		{35FB98AE-CC81-4ECD-AE71-763A811D60DC}.Release|x64.Build.0 = Release|Any CPU
		{35FB98AE-CC81-4ECD-AE71-763A811D60DC}.Release|x86.ActiveCfg = Release|Any CPU
		{35FB98AE-CC81-4ECD-AE71-763A811D60DC}.Release|x86.Build.0 = Release|Any CPU
	EndGlobalSection
	GlobalSection(SolutionProperties) = preSolution
		HideSolutionNode = FALSE
	EndGlobalSection
	GlobalSection(NestedProjects) = preSolution
		{73556F7E-7570-4B22-84B3-0A326154F8EF} = {F4738E3A-7DEB-4B76-8FEA-40862974BC8A}
		{578D9922-69D2-4EDA-9011-E62D6266A65D} = {F4738E3A-7DEB-4B76-8FEA-40862974BC8A}
		{22767721-1C97-499B-9ECF-C867AD907CF7} = {E52FB600-A9DF-4718-B51D-3C9291F6F0FF}
		{BAA491B0-3FEF-46A7-BF0B-4886E9E29AE5} = {F4738E3A-7DEB-4B76-8FEA-40862974BC8A}
		{858C08C5-E617-4C4A-A5DC-EC304A8CB36C} = {F4738E3A-7DEB-4B76-8FEA-40862974BC8A}
		{35FB98AE-CC81-4ECD-AE71-763A811D60DC} = {E52FB600-A9DF-4718-B51D-3C9291F6F0FF}
	EndGlobalSection
	GlobalSection(ExtensibilityGlobals) = postSolution
		SolutionGuid = {FFAF5A8C-DAC4-47E2-81BE-EF4539B049F4}
	EndGlobalSection
EndGlobal
